{
  "lockfile-version": 1,
  "manifest": {
    "schema-version": "1.10.0",
    "install": {
      "gnutar": {
        "pkg-path": "gnutar"
      },
      "incus-client": {
        "flake": "github:seedmatic/rke2lab#incus-client"
      },
      "xz": {
        "pkg-path": "xz"
      }
    },
    "hook": {},
    "profile": {},
    "options": {}
  },
  "packages": [
    {
      "attr_path": "gnutar",
      "broken": false,
      "derivation": "/nix/store/xczzf9n70psj6lrpm5pmv2cgmv1zb19r-gnutar-1.35.drv",
      "description": "GNU implementation of the `tar` archiver",
      "install_id": "gnutar",
      "license": "GPL-3.0-or-later",
      "locked_url": "https://github.com/flox/nixpkgs?rev=d407951447dcd00442e97087bf374aad70c04cea",
      "name": "gnutar-1.35",
      "pname": "gnutar",
      "rev": "d407951447dcd00442e97087bf374aad70c04cea",
      "rev_count": 1027867,
      "rev_date": "2026-07-05T04:06:12Z",
      "scrape_date": "2026-07-06T03:12:56.226588Z",
      "stabilities": [
        "staging",
        "unstable"
      ],
      "unfree": false,
      "version": "1.35",
      "outputs_to_install": [
        "out"
      ],
      "outputs": {
        "info": "/nix/store/zzm2iycbpgdv23aibi06z0akdi43rhnx-gnutar-1.35-info",
        "out": "/nix/store/prip7nslhk7b9hfws6y5y9lzfxjskanv-gnutar-1.35"
      },
      "system": "aarch64-darwin",
      "group": "toplevel",
      "priority": 5
    },
    {
      "attr_path": "gnutar",
      "broken": false,
      "derivation": "/nix/store/lw1g8qxvdmrdphq1cv5yb50j98m2v1xm-gnutar-1.35.drv",
      "description": "GNU implementation of the `tar` archiver",
      "install_id": "gnutar",
      "license": "GPL-3.0-or-later",
      "locked_url": "https://github.com/flox/nixpkgs?rev=d407951447dcd00442e97087bf374aad70c04cea",
      "name": "gnutar-1.35",
      "pname": "gnutar",
      "rev": "d407951447dcd00442e97087bf374aad70c04cea",
      "rev_count": 1027867,
      "rev_date": "2026-07-05T04:06:12Z",
      "scrape_date": "2026-07-06T03:41:23.894623Z",
      "stabilities": [
        "staging",
        "unstable"
      ],
      "unfree": false,
      "version": "1.35",
      "outputs_to_install": [
        "out",
        "out"
      ],
      "outputs": {
        "info": "/nix/store/q9bv4apsdh5wlqv0ga7lr9i22iv6978z-gnutar-1.35-info",
        "out": "/nix/store/r4c3r48fn312jmjls34nwz41b9y4xsvs-gnutar-1.35"
      },
      "system": "aarch64-linux",
      "group": "toplevel",
      "priority": 5
    },
    {
      "attr_path": "gnutar",
      "broken": false,
      "derivation": "/nix/store/smwpwzpldpah35vkwjgkmnh2yrwl0mh2-gnutar-1.35.drv",
      "description": "GNU implementation of the `tar` archiver",
      "install_id": "gnutar",
      "license": "GPL-3.0-or-later",
      "locked_url": "https://github.com/flox/nixpkgs?rev=d407951447dcd00442e97087bf374aad70c04cea",
      "name": "gnutar-1.35",
      "pname": "gnutar",
      "rev": "d407951447dcd00442e97087bf374aad70c04cea",
      "rev_count": 1027867,
      "rev_date": "2026-07-05T04:06:12Z",
      "scrape_date": "2026-07-06T04:09:01.837913Z",
      "stabilities": [
        "staging",
        "unstable"
      ],
      "unfree": false,
      "version": "1.35",
      "outputs_to_install": [
        "out"
      ],
      "outputs": {
        "info": "/nix/store/z68xf85yapz8rjzk7spnx09cf7cyngr5-gnutar-1.35-info",
        "out": "/nix/store/s2z5cn0gikvb2x352nizvlwpmv18jh9k-gnutar-1.35"
      },
      "system": "x86_64-darwin",
      "group": "toplevel",
      "priority": 5
    },
    {
      "attr_path": "gnutar",
      "broken": false,
      "derivation": "/nix/store/45ynwydadvp0xmsy1bkag7lp2zysy1jc-gnutar-1.35.drv",
      "description": "GNU implementation of the `tar` archiver",
      "install_id": "gnutar",
      "license": "GPL-3.0-or-later",
      "locked_url": "https://github.com/flox/nixpkgs?rev=d407951447dcd00442e97087bf374aad70c04cea",
      "name": "gnutar-1.35",
      "pname": "gnutar",
      "rev": "d407951447dcd00442e97087bf374aad70c04cea",
      "rev_count": 1027867,
      "rev_date": "2026-07-05T04:06:12Z",
      "scrape_date": "2026-07-06T04:40:26.716276Z",
      "stabilities": [
        "staging",
        "unstable"
      ],
      "unfree": false,
      "version": "1.35",
      "outputs_to_install": [
        "out",
        "out"
      ],
      "outputs": {
        "info": "/nix/store/avcnv3j0l6lwsffrihbhj84pgy11yqj3-gnutar-1.35-info",
        "out": "/nix/store/1j461raj6r4hihrq9j6alrddmx837fzs-gnutar-1.35"
      },
      "system": "x86_64-linux",
      "group": "toplevel",
      "priority": 5
    },
    {
      "attr_path": "xz",
      "broken": false,
      "derivation": "/nix/store/gyrjlpz3fad67kh9f5lf37q7wf8hcap7-xz-5.8.3.drv",
      "description": "General-purpose data compression software, successor of LZMA",
      "install_id": "xz",
      "license": "[ GPL-2.0-or-later, LGPL-2.1-or-later ]",
      "locked_url": "https://github.com/flox/nixpkgs?rev=d407951447dcd00442e97087bf374aad70c04cea",
      "name": "xz-5.8.3",
      "pname": "xz",
      "rev": "d407951447dcd00442e97087bf374aad70c04cea",
      "rev_count": 1027867,
      "rev_date": "2026-07-05T04:06:12Z",
      "scrape_date": "2026-07-06T03:15:54.538552Z",
      "stabilities": [
        "staging",
        "unstable"
      ],
      "unfree": false,
      "version": "5.8.3",
      "outputs_to_install": [
        "bin",
        "man"
      ],
      "outputs": {
        "bin": "/nix/store/gqr3h360g55bimlc8a56g2cnjb2398p9-xz-5.8.3-bin",
        "dev": "/nix/store/jm7rpbq5vfdwy57nsrna46s6k3cv49hr-xz-5.8.3-dev",
        "doc": "/nix/store/x096l7wfiicif2y3sjgwfnszhczac16x-xz-5.8.3-doc",
        "man": "/nix/store/ds4pmvhn7jdz0hy3nshnp5pzvmsz5mlf-xz-5.8.3-man",
        "out": "/nix/store/x4h61y39a7rgqnds9ha0n9x8y6dlzrn4-xz-5.8.3"
      },
      "system": "aarch64-darwin",
      "group": "toplevel",
      "priority": 5
    },
    {
      "attr_path": "xz",
      "broken": false,
      "derivation": "/nix/store/idzqjp0js26xx4yh312sz7q4aiaaiq32-xz-5.8.3.drv",
      "description": "General-purpose data compression software, successor of LZMA",
      "install_id": "xz",
      "license": "[ GPL-2.0-or-later, LGPL-2.1-or-later ]",
      "locked_url": "https://github.com/flox/nixpkgs?rev=d407951447dcd00442e97087bf374aad70c04cea",
      "name": "xz-5.8.3",
      "pname": "xz",
      "rev": "d407951447dcd00442e97087bf374aad70c04cea",
      "rev_count": 1027867,
      "rev_date": "2026-07-05T04:06:12Z",
      "scrape_date": "2026-07-06T03:45:09.053492Z",
      "stabilities": [
        "staging",
        "unstable"
      ],
      "unfree": false,
      "version": "5.8.3",
      "outputs_to_install": [
        "bin",
        "bin",
        "bin",
        "man",
        "man"
      ],
      "outputs": {
        "bin": "/nix/store/68mxayklhi5bpb63fllv0yv2m5pkcmw4-xz-5.8.3-bin",
        "dev": "/nix/store/disg4bvxw0ka4zc9xwhav8rkk1ah815r-xz-5.8.3-dev",
        "doc": "/nix/store/9c3z9s01xni7nq5n7sfmraiankix9333-xz-5.8.3-doc",
        "man": "/nix/store/d9bphjf71nhxxdbycqhv5kxdccfb4syk-xz-5.8.3-man",
        "out": "/nix/store/bp335gv9y4xm3pydv2v0bypkaixib3fm-xz-5.8.3"
      },
      "system": "aarch64-linux",
      "group": "toplevel",
      "priority": 5
    },
    {
      "attr_path": "xz",
      "broken": false,
      "derivation": "/nix/store/ck2ajgjx17hkapc3psrrb0dwl2wna15l-xz-5.8.3.drv",
      "description": "General-purpose data compression software, successor of LZMA",
      "install_id": "xz",
      "license": "[ GPL-2.0-or-later, LGPL-2.1-or-later ]",
      "locked_url": "https://github.com/flox/nixpkgs?rev=d407951447dcd00442e97087bf374aad70c04cea",
      "name": "xz-5.8.3",
      "pname": "xz",
      "rev": "d407951447dcd00442e97087bf374aad70c04cea",
      "rev_count": 1027867,
      "rev_date": "2026-07-05T04:06:12Z",
      "scrape_date": "2026-07-06T04:12:44.002332Z",
      "stabilities": [
        "staging",
        "unstable"
      ],
      "unfree": false,
      "version": "5.8.3",
      "outputs_to_install": [
        "bin",
        "man"
      ],
      "outputs": {
        "bin": "/nix/store/qwkiziwvl1763cd3nswsfjw8ly6a8r43-xz-5.8.3-bin",
        "dev": "/nix/store/ihy4hh3mr8iafxshijsrhhkxdgwcngzx-xz-5.8.3-dev",
        "doc": "/nix/store/p31mhij1nqxqjhgj8dpi2l25sfljzsqi-xz-5.8.3-doc",
        "man": "/nix/store/k8xy2qhsq808p0fq767ix5gpy2ny529l-xz-5.8.3-man",
        "out": "/nix/store/7x0wlnhm49c68zz0bf50h28ph54b2hb9-xz-5.8.3"
      },
      "system": "x86_64-darwin",
      "group": "toplevel",
      "priority": 5
    },
    {
      "attr_path": "xz",
      "broken": false,
      "derivation": "/nix/store/pw3f7sq1xmvl8whygy50kwb6jvdh6mbl-xz-5.8.3.drv",
      "description": "General-purpose data compression software, successor of LZMA",
      "install_id": "xz",
      "license": "[ GPL-2.0-or-later, LGPL-2.1-or-later ]",
      "locked_url": "https://github.com/flox/nixpkgs?rev=d407951447dcd00442e97087bf374aad70c04cea",
      "name": "xz-5.8.3",
      "pname": "xz",
      "rev": "d407951447dcd00442e97087bf374aad70c04cea",
      "rev_count": 1027867,
      "rev_date": "2026-07-05T04:06:12Z",
      "scrape_date": "2026-07-06T04:44:32.229984Z",
      "stabilities": [
        "staging",
        "unstable"
      ],
      "unfree": false,
      "version": "5.8.3",
      "outputs_to_install": [
        "bin",
        "bin",
        "bin",
        "man",
        "man"
      ],
      "outputs": {
        "bin": "/nix/store/y5zljns1fbcdgh5pp1szjlw0j11xxvcy-xz-5.8.3-bin",
        "dev": "/nix/store/n3ga71vacmzr6yvif8sdcm9kf98md8gv-xz-5.8.3-dev",
        "doc": "/nix/store/k64v26c6q0qb6mhdbdhsxk5mazlqp3il-xz-5.8.3-doc",
        "man": "/nix/store/wx10pwf5g5fi1vwb1h74ncjlfmdsrvrq-xz-5.8.3-man",
        "out": "/nix/store/bbk5ss80g5rgnwgn9b8br4l29km8plh9-xz-5.8.3"
      },
      "system": "x86_64-linux",
      "group": "toplevel",
      "priority": 5
    },
    {
      "install_id": "incus-client",
      "locked-url": "github:seedmatic/rke2lab/c7b520d1443f89ea8d43b95b5a2568e4472ad92c?narHash=sha256-RO/6OMaVFUhJWskhHe/rFurKsA%2BZMvQlf7KXvC%2BaX5s%3D",
      "flake-description": "RKE2 lab infrastructure and network blueprints",
      "locked-flake-attr-path": "packages.aarch64-darwin.incus-client",
      "derivation": "/nix/store/59bysy70zwz68n6nr7kpa8jkl9xrrggq-incus-client-7.3.0.drv",
      "outputs": {
        "out": "/nix/store/1l9ibfncw0lhhzhdvkcxj9nf42yhs1rq-incus-client-7.3.0"
      },
      "output-names": [
        "out"
      ],
      "outputs-to-install": [
        "out"
      ],
      "requested-outputs-to-install": [],
      "package-system": "aarch64-darwin",
      "system": "aarch64-darwin",
      "name": "incus-client-7.3.0",
      "pname": "incus-client",
      "version": "7.3.0",
      "description": "Powerful system container and virtual machine manager",
      "licenses": [
        "Apache-2.0"
      ],
      "broken": false,
      "unfree": false,
      "priority": 5
    },
    {
      "install_id": "incus-client",
      "locked-url": "github:seedmatic/rke2lab/c7b520d1443f89ea8d43b95b5a2568e4472ad92c?narHash=sha256-RO/6OMaVFUhJWskhHe/rFurKsA%2BZMvQlf7KXvC%2BaX5s%3D",
      "flake-description": "RKE2 lab infrastructure and network blueprints",
      "locked-flake-attr-path": "packages.aarch64-linux.incus-client",
      "derivation": "/nix/store/q5326wnw2kdkmfb1dinssx8xgimvysbl-incus-client-7.3.0.drv",
      "outputs": {
        "out": "/nix/store/nsrfqhqbd47h31ndmvr485lr6c5rzwgh-incus-client-7.3.0"
      },
      "output-names": [
        "out"
      ],
      "outputs-to-install": [
        "out"
      ],
      "requested-outputs-to-install": [],
      "package-system": "aarch64-linux",
      "system": "aarch64-linux",
      "name": "incus-client-7.3.0",
      "pname": "incus-client",
      "version": "7.3.0",
      "description": "Powerful system container and virtual machine manager",
      "licenses": [
        "Apache-2.0"
      ],
      "broken": false,
      "unfree": false,
      "priority": 5
    },
    {
      "install_id": "incus-client",
      "locked-url": "github:seedmatic/rke2lab/c7b520d1443f89ea8d43b95b5a2568e4472ad92c?narHash=sha256-RO/6OMaVFUhJWskhHe/rFurKsA%2BZMvQlf7KXvC%2BaX5s%3D",
      "flake-description": "RKE2 lab infrastructure and network blueprints",
      "locked-flake-attr-path": "packages.x86_64-darwin.incus-client",
      "derivation": "/nix/store/bak3dwdx50zzlj695yxbxny0c9iyzgwc-incus-client-7.3.0.drv",
      "outputs": {
        "out": "/nix/store/8sijjmvwsdm9mq79vmrv6rvndbmcmdjs-incus-client-7.3.0"
      },
      "output-names": [
        "out"
      ],
      "outputs-to-install": [
        "out"
      ],
      "requested-outputs-to-install": [],
      "package-system": "x86_64-darwin",
      "system": "x86_64-darwin",
      "name": "incus-client-7.3.0",
      "pname": "incus-client",
      "version": "7.3.0",
      "description": "Powerful system container and virtual machine manager",
      "licenses": [
        "Apache-2.0"
      ],
      "broken": false,
      "unfree": false,
      "priority": 5
    },
    {
      "install_id": "incus-client",
      "locked-url": "github:seedmatic/rke2lab/c7b520d1443f89ea8d43b95b5a2568e4472ad92c?narHash=sha256-RO/6OMaVFUhJWskhHe/rFurKsA%2BZMvQlf7KXvC%2BaX5s%3D",
      "flake-description": "RKE2 lab infrastructure and network blueprints",
      "locked-flake-attr-path": "packages.x86_64-linux.incus-client",
      "derivation": "/nix/store/zirq618xinzalqrjgy0j0ncrdzw27djp-incus-client-7.3.0.drv",
      "outputs": {
        "out": "/nix/store/mww4jpd39kzq3zjs0bm7nk74b01sdl1p-incus-client-7.3.0"
      },
      "output-names": [
        "out"
      ],
      "outputs-to-install": [
        "out"
      ],
      "requested-outputs-to-install": [],
      "package-system": "x86_64-linux",
      "system": "x86_64-linux",
      "name": "incus-client-7.3.0",
      "pname": "incus-client",
      "version": "7.3.0",
      "description": "Powerful system container and virtual machine manager",
      "licenses": [
        "Apache-2.0"
      ],
      "broken": false,
      "unfree": false,
      "priority": 5
    }
  ]
}
